symfony d407be068dc4919ad04bd46a550a2390c7295a67
twig 94ac20f1553d945c2c224d19d9d28e85ec14372b
monolog 433b98d4218c181bae01865901aac045585e8a1a
doctrine-common 40f1bf16e84ddc5291a6a63aa00b9879c40e3500
doctrine-dbal 0127ee98a4301f2f6e3463c824adc3a3687f901f
doctrine dfdb7353065407afc997956e23f3a44ec3effd72
doctrine-mongodb de9332944d868c893f9b5a47708bbdea780e82f8
doctrine-mongodb-odm de9332944d868c893f9b5a47708bbdea780e82f8
DoctrineMongoDBBundle de9332944d868c893f9b5a47708bbdea780e82f8
swiftmailer c53c8c1ab88c78c463ba65086d93d00193957e94
assetic 3333d371c4511abcdec7bad86e15ac2be3b10f03
twig-extensions eba4f5d572bec05c72a47bbd73ba0a3330cf8f54
metadata 8717ad2a5689480765d9ffafe925cd8a2457e582
SensioFrameworkExtraBundle 9b9194a47effc66b08d44ae110b982352119ca17
JMSSecurityExtraBundle e9dec5e2c06a2787bc1515dedbe6d46f8e45dc45
SensioDistributionBundle a186b53154bc137a65802ef567e4a2eee2082d21
SensioGeneratorBundle 88ecf05691825c81b6a19ca6e2dc1849f1a5dcd4
AsseticBundle 61bc7f32c663a9c7be53ed761a574a1509f74d7e
FOSUserBundle 6cdd9c292afa219ef799893061eaae1fc400ae33
FOSCommentBundle e46e71f823c921d24728268103d37e3766f99b8a